
Microsoft Visual Studio Solution File, Format Version 12.00
# Visual Studio 15
VisualStudioVersion = 15.0.26430.6
MinimumVisualStudioVersion = 10.0.40219.1
Project("{FAE04EC0-301F-11D3-BF4B-00C04F79EFBC}") = "ContinuumHash", "ContinuumHash\ContinuumHash.csproj", "{2C2A3FE5-397C-4C40-85B0-E4CE1C651EDF}"
EndProject
Global
	GlobalSection(SolutionConfigurationPlatforms) = preSolution
		Debug|Any CPU = Debug|Any CPU
		Release|Any CPU = Release|Any CPU
	EndGlobalSection
	GlobalSection(ProjectConfigurationPlatforms) = postSolution
		{2C2A3FE5-397C-4C40-85B0-E4CE1C651EDF}.Debug|Any CPU.ActiveCfg = Debug|Any CPU
		{2C2A3FE5-397C-4C40-85B0-E4CE1C651EDF}.Debug|Any CPU.Build.0 = Debug|Any CPU
		{2C2A3FE5-397C-4C40-85B0-E4CE1C651EDF}.Release|Any CPU.ActiveCfg = Release|Any CPU
		{2C2A3FE5-397C-4C40-85B0-E4CE1C651EDF}.Release|Any CPU.Build.0 = Release|Any CPU
	EndGlobalSection
	GlobalSection(SolutionProperties) = preSolution
		HideSolutionNode = FALSE
	EndGlobalSection
EndGlobal
